// !$*UTF8*$!
{
	archiveVersion = 1;
	classes = {
	};
	objectVersion = 46;
	objects = {

/* Begin PBXBuildFile section */
		9A19EAE31ACBDB1500C543D8 /* AppDelegate.swift in Sources */ = {isa = PBXBuildFile; fileRef = 9A19EAE21ACBDB1500C543D8 /* AppDelegate.swift */; };
		9A19EAE51ACBDB1500C543D8 /* ViewController.swift in Sources */ = {isa = PBXBuildFile; fileRef = 9A19EAE41ACBDB1500C543D8 /* ViewController.swift */; };
		9A19EAE81ACBDB1500C543D8 /* Main.storyboard in Resources */ = {isa = PBXBuildFile; fileRef = 9A19EAE61ACBDB1500C543D8 /* Main.storyboard */; };
		9A19EAEA1ACBDB1500C543D8 /* Images.xcassets in Resources */ = {isa = PBXBuildFile; fileRef = 9A19EAE91ACBDB1500C543D8 /* Images.xcassets */; };
		9A19EAED1ACBDB1500C543D8 /* LaunchScreen.xib in Resources */ = {isa = PBXBuildFile; fileRef = 9A19EAEB1ACBDB1500C543D8 /* LaunchScreen.xib */; };
		9A19EAF91ACBDB1500C543D8 /* tableViewNamePhoneTests.swift in Sources */ = {isa = PBXBuildFile; fileRef = 9A19EAF81ACBDB1500C543D8 /* tableViewNamePhoneTests.swift */; };
		9A19EB031ACBF0AB00C543D8 /* CustomCell.swift in Sources */ = {isa = PBXBuildFile; fileRef = 9A19EB021ACBF0AB00C543D8 /* CustomCell.swift */; };
		9A19EB051ACCD2AB00C543D8 /* logo.png in Resources */ = {isa = PBXBuildFile; fileRef = 9A19EB041ACCD2AB00C543D8 /* logo.png */; };
/* End PBXBuildFile section */

/* Begin PBXContainerItemProxy section */
		9A19EAF31ACBDB1500C543D8 /* PBXContainerItemProxy */ = {
			isa = PBXContainerItemProxy;
			containerPortal = 9A19EAD51ACBDB1500C543D8 /* Project object */;
			proxyType = 1;
			remoteGlobalIDString = 9A19EADC1ACBDB1500C543D8;
			remoteInfo = tableViewNamePhone;
		};
/* End PBXContainerItemProxy section */

/* Begin PBXFileReference section */
		9A19EADD1ACBDB1500C543D8 /* tableViewNamePhone.app */ = {isa = PBXFileReference; explicitFileType = wrapper.application; includeInIndex = 0; path = tableViewNamePhone.app; sourceTree = BUILT_PRODUCTS_DIR; };
		9A19EAE11ACBDB1500C543D8 /* Info.plist */ = {isa = PBXFileReference; lastKnownFileType = text.plist.xml; path = Info.plist; sourceTree = "<group>"; };
		9A19EAE21ACBDB1500C543D8 /* AppDelegate.swift */ = {isa = PBXFileReference; lastKnownFileType = sourcecode.swift; path = AppDelegate.swift; sourceTree = "<group>"; };
		9A19EAE41ACBDB1500C543D8 /* ViewController.swift */ = {isa = PBXFileReference; lastKnownFileType = sourcecode.swift; path = ViewController.swift; sourceTree = "<group>"; };
		9A19EAE71ACBDB1500C543D8 /* Base */ = {isa = PBXFileReference; lastKnownFileType = file.storyboard; name = Base; path = Base.lproj/Main.storyboard; sourceTree = "<group>"; };
		9A19EAE91ACBDB1500C543D8 /* Images.xcassets */ = {isa = PBXFileReference; lastKnownFileType = folder.assetcatalog; path = Images.xcassets; sourceTree = "<group>"; };
		9A19EAEC1ACBDB1500C543D8 /* Base */ = {isa = PBXFileReference; lastKnownFileType = file.xib; name = Base; path = Base.lproj/LaunchScreen.xib; sourceTree = "<group>"; };
		9A19EAF21ACBDB1500C543D8 /* tableViewNamePhoneTests.xctest */ = {isa = PBXFileReference; explicitFileType = wrapper.cfbundle; includeInIndex = 0; path = tableViewNamePhoneTests.xctest; sourceTree = BUILT_PRODUCTS_DIR; };
		9A19EAF71ACBDB1500C543D8 /* Info.plist */ = {isa = PBXFileReference; lastKnownFileType = text.plist.xml; path = Info.plist; sourceTree = "<group>"; };
		9A19EAF81ACBDB1500C543D8 /* tableViewNamePhoneTests.swift */ = {isa = PBXFileReference; lastKnownFileType = sourcecode.swift; path = tableViewNamePhoneTests.swift; sourceTree = "<group>"; };
		9A19EB021ACBF0AB00C543D8 /* CustomCell.swift */ = {isa = PBXFileReference; fileEncoding = 4; lastKnownFileType = sourcecode.swift; path = CustomCell.swift; sourceTree = "<group>"; };
		9A19EB041ACCD2AB00C543D8 /* logo.png */ = {isa = PBXFileReference; lastKnownFileType = image.png; name = logo.png; path = ../../../../Downloads/logo.png; sourceTree = "<group>"; };
/* End PBXFileReference section */

/* Begin PBXFrameworksBuildPhase section */
		9A19EADA1ACBDB1500C543D8 /* Frameworks */ = {
			isa = PBXFrameworksBuildPhase;
			buildActionMask = 2147483647;
			files = (
			);
			runOnlyForDeploymentPostprocessing = 0;
		};
		9A19EAEF1ACBDB1500C543D8 /* Frameworks */ = {
			isa = PBXFrameworksBuildPhase;
			buildActionMask = 2147483647;
			files = (
			);
			runOnlyForDeploymentPostprocessing = 0;
		};
/* End PBXFrameworksBuildPhase section */

/* Begin PBXGroup section */
		9A19EAD41ACBDB1500C543D8 = {
			isa = PBXGroup;
			children = (
				9A19EADF1ACBDB1500C543D8 /* tableViewNamePhone */,
				9A19EAF51ACBDB1500C543D8 /* tableViewNamePhoneTests */,
				9A19EADE1ACBDB1500C543D8 /* Products */,
			);
			sourceTree = "<group>";
		};
		9A19EADE1ACBDB1500C543D8 /* Products */ = {
			isa = PBXGroup;
			children = (
				9A19EADD1ACBDB1500C543D8 /* tableViewNamePhone.app */,
				9A19EAF21ACBDB1500C543D8 /* tableViewNamePhoneTests.xctest */,
			);
			name = Products;
			sourceTree = "<group>";
		};
		9A19EADF1ACBDB1500C543D8 /* tableViewNamePhone */ = {
			isa = PBXGroup;
			children = (
				9A19EB041ACCD2AB00C543D8 /* logo.png */,
				9A19EAE21ACBDB1500C543D8 /* AppDelegate.swift */,
				9A19EAE41ACBDB1500C543D8 /* ViewController.swift */,
				9A19EB021ACBF0AB00C543D8 /* CustomCell.swift */,
				9A19EAE61ACBDB1500C543D8 /* Main.storyboard */,
				9A19EAE91ACBDB1500C543D8 /* Images.xcassets */,
				9A19EAEB1ACBDB1500C543D8 /* LaunchScreen.xib */,
				9A19EAE01ACBDB1500C543D8 /* Supporting Files */,
			);
			path = tableViewNamePhone;
			sourceTree = "<group>";
		};
		9A19EAE01ACBDB1500C543D8 /* Supporting Files */ = {
			isa = PBXGroup;
			children = (
				9A19EAE11ACBDB1500C543D8 /* Info.plist */,
			);
			name = "Supporting Files";
			sourceTree = "<group>";
		};
		9A19EAF51ACBDB1500C543D8 /* tableViewNamePhoneTests */ = {
			isa = PBXGroup;
			children = (
				9A19EAF81ACBDB1500C543D8 /* tableViewNamePhoneTests.swift */,
				9A19EAF61ACBDB1500C543D8 /* Supporting Files */,
			);
			path = tableViewNamePhoneTests;
			sourceTree = "<group>";
		};
		9A19EAF61ACBDB1500C543D8 /* Supporting Files */ = {
			isa = PBXGroup;
			children = (
				9A19EAF71ACBDB1500C543D8 /* Info.plist */,
			);
			name = "Supporting Files";
			sourceTree = "<group>";
		};
/* End PBXGroup section */

/* Begin PBXNativeTarget section */
		9A19EADC1ACBDB1500C543D8 /* tableViewNamePhone */ = {
			isa = PBXNativeTarget;
			buildConfigurationList = 9A19EAFC1ACBDB1500C543D8 /* Build configuration list for PBXNativeTarget "tableViewNamePhone" */;
			buildPhases = (
				9A19EAD91ACBDB1500C543D8 /* Sources */,
				9A19EADA1ACBDB1500C543D8 /* Frameworks */,
				9A19EADB1ACBDB1500C543D8 /* Resources */,
			);
			buildRules = (
			);
			dependencies = (
			);
			name = tableViewNamePhone;
			productName = tableViewNamePhone;
			productReference = 9A19EADD1ACBDB1500C543D8 /* tableViewNamePhone.app */;
			productType = "com.apple.product-type.application";
		};
		9A19EAF11ACBDB1500C543D8 /* tableViewNamePhoneTests */ = {
			isa = PBXNativeTarget;
			buildConfigurationList = 9A19EAFF1ACBDB1500C543D8 /* Build configuration list for PBXNativeTarget "tableViewNamePhoneTests" */;
			buildPhases = (
				9A19EAEE1ACBDB1500C543D8 /* Sources */,
				9A19EAEF1ACBDB1500C543D8 /* Frameworks */,
				9A19EAF01ACBDB1500C543D8 /* Resources */,
			);
			buildRules = (
			);
			dependencies = (
				9A19EAF41ACBDB1500C543D8 /* PBXTargetDependency */,
			);
			name = tableViewNamePhoneTests;
			productName = tableViewNamePhoneTests;
			productReference = 9A19EAF21ACBDB1500C543D8 /* tableViewNamePhoneTests.xctest */;
			productType = "com.apple.product-type.bundle.unit-test";
		};
/* End PBXNativeTarget section */

/* Begin PBXProject section */
		9A19EAD51ACBDB1500C543D8 /* Project object */ = {
			isa = PBXProject;
			attributes = {
				LastUpgradeCheck = 0620;
				ORGANIZATIONNAME = "有村 琢磨";
				TargetAttributes = {
					9A19EADC1ACBDB1500C543D8 = {
						CreatedOnToolsVersion = 6.2;
					};
					9A19EAF11ACBDB1500C543D8 = {
						CreatedOnToolsVersion = 6.2;
						TestTargetID = 9A19EADC1ACBDB1500C543D8;
					};
				};
			};
			buildConfigurationList = 9A19EAD81ACBDB1500C543D8 /* Build configuration list for PBXProject "tableViewNamePhone" */;
			compatibilityVersion = "Xcode 3.2";
			developmentRegion = English;
			hasScannedForEncodings = 0;
			knownRegions = (
				en,
				Base,
			);
			mainGroup = 9A19EAD41ACBDB1500C543D8;
			productRefGroup = 9A19EADE1ACBDB1500C543D8 /* Products */;
			projectDirPath = "";
			projectRoot = "";
			targets = (
				9A19EADC1ACBDB1500C543D8 /* tableViewNamePhone */,
				9A19EAF11ACBDB1500C543D8 /* tableViewNamePhoneTests */,
			);
		};
/* End PBXProject section */

/* Begin PBXResourcesBuildPhase section */
		9A19EADB1ACBDB1500C543D8 /* Resources */ = {
			isa = PBXResourcesBuildPhase;
			buildActionMask = 2147483647;
			files = (
				9A19EB051ACCD2AB00C543D8 /* logo.png in Resources */,
				9A19EAE81ACBDB1500C543D8 /* Main.storyboard in Resources */,
				9A19EAED1ACBDB1500C543D8 /* LaunchScreen.xib in Resources */,
				9A19EAEA1ACBDB1500C543D8 /* Images.xcassets in Resources */,
			);
			runOnlyForDeploymentPostprocessing = 0;
		};
		9A19EAF01ACBDB1500C543D8 /* Resources */ = {
			isa = PBXResourcesBuildPhase;
			buildActionMask = 2147483647;
			files = (
			);
			runOnlyForDeploymentPostprocessing = 0;
		};
/* End PBXResourcesBuildPhase section */

/* Begin PBXSourcesBuildPhase section */
		9A19EAD91ACBDB1500C543D8 /* Sources */ = {
			isa = PBXSourcesBuildPhase;
			buildActionMask = 2147483647;
			files = (
				9A19EAE51ACBDB1500C543D8 /* ViewController.swift in Sources */,
				9A19EB031ACBF0AB00C543D8 /* CustomCell.swift in Sources */,
				9A19EAE31ACBDB1500C543D8 /* AppDelegate.swift in Sources */,
			);
			runOnlyForDeploymentPostprocessing = 0;
		};
		9A19EAEE1ACBDB1500C543D8 /* Sources */ = {
			isa = PBXSourcesBuildPhase;
			buildActionMask = 2147483647;
			files = (
				9A19EAF91ACBDB1500C543D8 /* tableViewNamePhoneTests.swift in Sources */,
			);
			runOnlyForDeploymentPostprocessing = 0;
		};
/* End PBXSourcesBuildPhase section */

/* Begin PBXTargetDependency section */
		9A19EAF41ACBDB1500C543D8 /* PBXTargetDependency */ = {
			isa = PBXTargetDependency;
			target = 9A19EADC1ACBDB1500C543D8 /* tableViewNamePhone */;
			targetProxy = 9A19EAF31ACBDB1500C543D8 /* PBXContainerItemProxy */;
		};
/* End PBXTargetDependency section */

/* Begin PBXVariantGroup section */
		9A19EAE61ACBDB1500C543D8 /* Main.storyboard */ = {
			isa = PBXVariantGroup;
			children = (
				9A19EAE71ACBDB1500C543D8 /* Base */,
			);
			name = Main.storyboard;
			sourceTree = "<group>";
		};
		9A19EAEB1ACBDB1500C543D8 /* LaunchScreen.xib */ = {
			isa = PBXVariantGroup;
			children = (
				9A19EAEC1ACBDB1500C543D8 /* Base */,
			);
			name = LaunchScreen.xib;
			sourceTree = "<group>";
		};
/* End PBXVariantGroup section */

/* Begin XCBuildConfiguration section */
		9A19EAFA1ACBDB1500C543D8 /* Debug */ = {
			isa = XCBuildConfiguration;
			buildSettings = {
				ALWAYS_SEARCH_USER_PATHS = NO;
				CLANG_CXX_LANGUAGE_STANDARD = "gnu++0x";
				CLANG_CXX_LIBRARY = "libc++";
				CLANG_ENABLE_MODULES = YES;
				CLANG_ENABLE_OBJC_ARC = YES;
				CLANG_WARN_BOOL_CONVERSION = YES;
				CLANG_WARN_CONSTANT_CONVERSION = YES;
				CLANG_WARN_DIRECT_OBJC_ISA_USAGE = YES_ERROR;
				CLANG_WARN_EMPTY_BODY = YES;
				CLANG_WARN_ENUM_CONVERSION = YES;
				CLANG_WARN_INT_CONVERSION = YES;
				CLANG_WARN_OBJC_ROOT_CLASS = YES_ERROR;
				CLANG_WARN_UNREACHABLE_CODE = YES;
				CLANG_WARN__DUPLICATE_METHOD_MATCH = YES;
				"CODE_SIGN_IDENTITY[sdk=iphoneos*]" = "iPhone Developer";
				COPY_PHASE_STRIP = NO;
				ENABLE_STRICT_OBJC_MSGSEND = YES;
				GCC_C_LANGUAGE_STANDARD = gnu99;
				GCC_DYNAMIC_NO_PIC = NO;
				GCC_OPTIMIZATION_LEVEL = 0;
				GCC_PREPROCESSOR_DEFINITIONS = (
					"DEBUG=1",
					"$(inherited)",
				);
				GCC_SYMBOLS_PRIVATE_EXTERN = NO;
				GCC_WARN_64_TO_32_BIT_CONVERSION = YES;
				GCC_WARN_ABOUT_RETURN_TYPE = YES_ERROR;
				GCC_WARN_UNDECLARED_SELECTOR = YES;
				GCC_WARN_UNINITIALIZED_AUTOS = YES_AGGRESSIVE;
				GCC_WARN_UNUSED_FUNCTION = YES;
				GCC_WARN_UNUSED_VARIABLE = YES;
				IPHONEOS_DEPLOYMENT_TARGET = 8.2;
				MTL_ENABLE_DEBUG_INFO = YES;
				ONLY_ACTIVE_ARCH = YES;
				SDKROOT = iphoneos;
				SWIFT_OPTIMIZATION_LEVEL = "-Onone";
			};
			name = Debug;
		};
		9A19EAFB1ACBDB1500C543D8 /* Release */ = {
			isa = XCBuildConfiguration;
			buildSettings = {
				ALWAYS_SEARCH_USER_PATHS = NO;
				CLANG_CXX_LANGUAGE_STANDARD = "gnu++0x";
				CLANG_CXX_LIBRARY = "libc++";
				CLANG_ENABLE_MODULES = YES;
				CLANG_ENABLE_OBJC_ARC = YES;
				CLANG_WARN_BOOL_CONVERSION = YES;
				CLANG_WARN_CONSTANT_CONVERSION = YES;
				CLANG_WARN_DIRECT_OBJC_ISA_USAGE = YES_ERROR;
				CLANG_WARN_EMPTY_BODY = YES;
				CLANG_WARN_ENUM_CONVERSION = YES;
				CLANG_WARN_INT_CONVERSION = YES;
				CLANG_WARN_OBJC_ROOT_CLASS = YES_ERROR;
				CLANG_WARN_UNREACHABLE_CODE = YES;
				CLANG_WARN__DUPLICATE_METHOD_MATCH = YES;
				"CODE_SIGN_IDENTITY[sdk=iphoneos*]" = "iPhone Developer";
				COPY_PHASE_STRIP = NO;
				ENABLE_NS_ASSERTIONS = NO;
				ENABLE_STRICT_OBJC_MSGSEND = YES;
				GCC_C_LANGUAGE_STANDARD = gnu99;
				GCC_WARN_64_TO_32_BIT_CONVERSION = YES;
				GCC_WARN_ABOUT_RETURN_TYPE = YES_ERROR;
				GCC_WARN_UNDECLARED_SELECTOR = YES;
				GCC_WARN_UNINITIALIZED_AUTOS = YES_AGGRESSIVE;
				GCC_WARN_UNUSED_FUNCTION = YES;
				GCC_WARN_UNUSED_VARIABLE = YES;
				IPHONEOS_DEPLOYMENT_TARGET = 8.2;
				MTL_ENABLE_DEBUG_INFO = NO;
				SDKROOT = iphoneos;
				VALIDATE_PRODUCT = YES;
			};
			name = Release;
		};
		9A19EAFD1ACBDB1500C543D8 /* Debug */ = {
			isa = XCBuildConfiguration;
			buildSettings = {
				ASSETCATALOG_COMPILER_APPICON_NAME = AppIcon;
				INFOPLIST_FILE = tableViewNamePhone/Info.plist;
				LD_RUNPATH_SEARCH_PATHS = "$(inherited) @executable_path/Frameworks";
				PRODUCT_NAME = "$(TARGET_NAME)";
			};
			name = Debug;
		};
		9A19EAFE1ACBDB1500C543D8 /* Release */ = {
			isa = XCBuildConfiguration;
			buildSettings = {
				ASSETCATALOG_COMPILER_APPICON_NAME = AppIcon;
				INFOPLIST_FILE = tableViewNamePhone/Info.plist;
				LD_RUNPATH_SEARCH_PATHS = "$(inherited) @executable_path/Frameworks";
				PRODUCT_NAME = "$(TARGET_NAME)";
			};
			name = Release;
		};
		9A19EB001ACBDB1500C543D8 /* Debug */ = {
			isa = XCBuildConfiguration;
			buildSettings = {
				BUNDLE_LOADER = "$(TEST_HOST)";
				FRAMEWORK_SEARCH_PATHS = (
					"$(SDKROOT)/Developer/Library/Frameworks",
					"$(inherited)",
				);
				GCC_PREPROCESSOR_DEFINITIONS = (
					"DEBUG=1",
					"$(inherited)",
				);
				INFOPLIST_FILE = tableViewNamePhoneTests/Info.plist;
				LD_RUNPATH_SEARCH_PATHS = "$(inherited) @executable_path/Frameworks @loader_path/Frameworks";
				PRODUCT_NAME = "$(TARGET_NAME)";
				TEST_HOST = "$(BUILT_PRODUCTS_DIR)/tableViewNamePhone.app/tableViewNamePhone";
			};
			name = Debug;
		};
		9A19EB011ACBDB1500C543D8 /* Release */ = {
			isa = XCBuildConfiguration;
			buildSettings = {
				BUNDLE_LOADER = "$(TEST_HOST)";
				FRAMEWORK_SEARCH_PATHS = (
					"$(SDKROOT)/Developer/Library/Frameworks",
					"$(inherited)",
				);
				INFOPLIST_FILE = tableViewNamePhoneTests/Info.plist;
				LD_RUNPATH_SEARCH_PATHS = "$(inherited) @executable_path/Frameworks @loader_path/Frameworks";
				PRODUCT_NAME = "$(TARGET_NAME)";
				TEST_HOST = "$(BUILT_PRODUCTS_DIR)/tableViewNamePhone.app/tableViewNamePhone";
			};
			name = Release;
		};
/* End XCBuildConfiguration section */

/* Begin XCConfigurationList section */
		9A19EAD81ACBDB1500C543D8 /* Build configuration list for PBXProject "tableViewNamePhone" */ = {
			isa = XCConfigurationList;
			buildConfigurations = (
				9A19EAFA1ACBDB1500C543D8 /* Debug */,
				9A19EAFB1ACBDB1500C543D8 /* Release */,
			);
			defaultConfigurationIsVisible = 0;
			defaultConfigurationName = Release;
		};
		9A19EAFC1ACBDB1500C543D8 /* Build configuration list for PBXNativeTarget "tableViewNamePhone" */ = {
			isa = XCConfigurationList;
			buildConfigurations = (
				9A19EAFD1ACBDB1500C543D8 /* Debug */,
				9A19EAFE1ACBDB1500C543D8 /* Release */,
			);
			defaultConfigurationIsVisible = 0;
		};
		9A19EAFF1ACBDB1500C543D8 /* Build configuration list for PBXNativeTarget "tableViewNamePhoneTests" */ = {
			isa = XCConfigurationList;
			buildConfigurations = (
				9A19EB001ACBDB1500C543D8 /* Debug */,
				9A19EB011ACBDB1500C543D8 /* Release */,
			);
			defaultConfigurationIsVisible = 0;
		};
/* End XCConfigurationList section */
	};
	rootObject = 9A19EAD51ACBDB1500C543D8 /* Project object */;
}
